
Microsoft Visual Studio Solution File, Format Version 12.00
# Visual Studio 2012
Project("{FAE04EC0-301F-11D3-BF4B-00C04F79EFBC}") = "transparentControls", "TransparentWeb\transparentControls.csproj", "{716A8405-205B-4FB2-B3D5-69BC7569C833}"
EndProject
Project("{FAE04EC0-301F-11D3-BF4B-00C04F79EFBC}") = "transparentLib", "TransparentWebLib\transparentLib.csproj", "{F3664207-5979-4584-8D16-FEF23990A146}"
EndProject
Project("{FAE04EC0-301F-11D3-BF4B-00C04F79EFBC}") = "ThinkatronicUtils", "..\ThinkatronicUtils\ThinkatronicUtils\ThinkatronicUtils.csproj", "{FE8C4954-5817-408F-8685-D2AA75A67970}"
EndProject
Global
	GlobalSection(SolutionConfigurationPlatforms) = preSolution
		Debug|Any CPU = Debug|Any CPU
		Release|Any CPU = Release|Any CPU
	EndGlobalSection
	GlobalSection(ProjectConfigurationPlatforms) = postSolution
		{716A8405-205B-4FB2-B3D5-69BC7569C833}.Debug|Any CPU.ActiveCfg = Debug|Any CPU
		{716A8405-205B-4FB2-B3D5-69BC7569C833}.Debug|Any CPU.Build.0 = Debug|Any CPU
		{716A8405-205B-4FB2-B3D5-69BC7569C833}.Release|Any CPU.ActiveCfg = Release|Any CPU
		{716A8405-205B-4FB2-B3D5-69BC7569C833}.Release|Any CPU.Build.0 = Release|Any CPU
		{F3664207-5979-4584-8D16-FEF23990A146}.Debug|Any CPU.ActiveCfg = Debug|Any CPU
		{F3664207-5979-4584-8D16-FEF23990A146}.Debug|Any CPU.Build.0 = Debug|Any CPU
		{F3664207-5979-4584-8D16-FEF23990A146}.Release|Any CPU.ActiveCfg = Release|Any CPU
		{F3664207-5979-4584-8D16-FEF23990A146}.Release|Any CPU.Build.0 = Release|Any CPU
		{FE8C4954-5817-408F-8685-D2AA75A67970}.Debug|Any CPU.ActiveCfg = Debug|Any CPU
		{FE8C4954-5817-408F-8685-D2AA75A67970}.Debug|Any CPU.Build.0 = Debug|Any CPU
		{FE8C4954-5817-408F-8685-D2AA75A67970}.Release|Any CPU.ActiveCfg = Release|Any CPU
		{FE8C4954-5817-408F-8685-D2AA75A67970}.Release|Any CPU.Build.0 = Release|Any CPU
	EndGlobalSection
	GlobalSection(SolutionProperties) = preSolution
		HideSolutionNode = FALSE
	EndGlobalSection
EndGlobal
